{
  "nodes": {
    "brainhive": {
      "inputs": {
        "nixpkgs": [
          "nixpkgs"
        ],
        "steiger": "steiger",
        "systems": "systems"
      },
      "locked": {
        "lastModified": 1780653460,
        "narHash": "sha256-9qWzso5uhFwxYrJnM4drQdCajfx8B4BAlcYDNBodMo0=",
        "owner": "brainhivenl",
        "repo": "pkgs",
        "rev": "0af2678e5261bc3aeba6d041787540e2a8dbece4",
        "type": "github"
      },
      "original": {
        "owner": "brainhivenl",
        "repo": "pkgs",
        "type": "github"
      }
    },
    "crane": {
      "locked": {
        "lastModified": 1765739568,
        "narHash": "sha256-gQYx35Of4UDKUjAYvmxjUEh/DdszYeTtT6MDin4loGE=",
        "owner": "ipetkov",
        "repo": "crane",
        "rev": "67d2baff0f9f677af35db61b32b5df6863bcc075",
        "type": "github"
      },
      "original": {
        "owner": "ipetkov",
        "repo": "crane",
        "type": "github"
      }
    },
    "crane_2": {
      "locked": {
        "lastModified": 1765739568,
        "narHash": "sha256-gQYx35Of4UDKUjAYvmxjUEh/DdszYeTtT6MDin4loGE=",
        "owner": "ipetkov",
        "repo": "crane",
        "rev": "67d2baff0f9f677af35db61b32b5df6863bcc075",
        "type": "github"
      },
      "original": {
        "owner": "ipetkov",
        "repo": "crane",
        "type": "github"
      }
    },
    "devenv": {
      "locked": {
        "dir": "src/modules",
        "lastModified": 1784575181,
        "narHash": "sha256-Ptc9qnML9PVAcbN6m4dYqOJFhJH+g7AlamtfY9qUC5A=",
        "owner": "cachix",
        "repo": "devenv",
        "rev": "0715910388a9a8bff590683b39fdcd95a16a83a2",
        "type": "github"
      },
      "original": {
        "dir": "src/modules",
        "owner": "cachix",
        "repo": "devenv",
        "type": "github"
      }
    },
    "nixpkgs": {
      "locked": {
        "lastModified": 1770380644,
        "narHash": "sha256-P7dWMHRUWG5m4G+06jDyThXO7kwSk46C1kgjEWcybkE=",
        "owner": "NixOS",
        "repo": "nixpkgs",
        "rev": "ae67888ff7ef9dff69b3cf0cc0fbfbcd3a722abe",
        "type": "github"
      },
      "original": {
        "owner": "NixOS",
        "ref": "nixpkgs-unstable",
        "repo": "nixpkgs",
        "type": "github"
      }
    },
    "nixpkgs-ocitools": {
      "locked": {
        "lastModified": 1770565630,
        "narHash": "sha256-+0dj3MSv+Pxf6e+89tObqGSAGWcmZHPFGw8Hi6DsTco=",
        "owner": "brainhivenl",
        "repo": "nixpkgs",
        "rev": "6144e69fa0fd51c96201bc64632526dee386ddf4",
        "type": "github"
      },
      "original": {
        "owner": "brainhivenl",
        "ref": "oci/refactor",
        "repo": "nixpkgs",
        "type": "github"
      }
    },
    "nixpkgs-ocitools_2": {
      "locked": {
        "lastModified": 1770565630,
        "narHash": "sha256-+0dj3MSv+Pxf6e+89tObqGSAGWcmZHPFGw8Hi6DsTco=",
        "owner": "brainhivenl",
        "repo": "nixpkgs",
        "rev": "6144e69fa0fd51c96201bc64632526dee386ddf4",
        "type": "github"
      },
      "original": {
        "owner": "brainhivenl",
        "ref": "oci/refactor",
        "repo": "nixpkgs",
        "type": "github"
      }
    },
    "nixpkgs-src": {
      "flake": false,
      "locked": {
        "lastModified": 1783279667,
        "narHash": "sha256-/NAkDSsve+GNM0Bt6tleJdCGfsTlK89nPjkVOzZMo0s=",
        "owner": "NixOS",
        "repo": "nixpkgs",
        "rev": "f205b5574fd0cb7da5b702a2da51507b7f4fdd1b",
        "type": "github"
      },
      "original": {
        "owner": "NixOS",
        "ref": "nixpkgs-unstable",
        "repo": "nixpkgs",
        "type": "github"
      }
    },
    "nixpkgs-unstable": {
      "locked": {
        "lastModified": 1784555310,
        "narHash": "sha256-/FCliTPgiuV1owejZFNx3Ch9irdvkOfOFl+HHZ+DrtM=",
        "owner": "nixos",
        "repo": "nixpkgs",
        "rev": "421eebfd0ec7bccd4abe826ce62d7e6e83129493",
        "type": "github"
      },
      "original": {
        "owner": "nixos",
        "ref": "nixpkgs-unstable",
        "repo": "nixpkgs",
        "type": "github"
      }
    },
    "nixpkgs_2": {
      "inputs": {
        "nixpkgs-src": "nixpkgs-src"
      },
      "locked": {
        "lastModified": 1783345554,
        "narHash": "sha256-LZhOm4kqjHUnwP4CNHpaqqEVcumGNd1PvOEOad8LkS0=",
        "owner": "cachix",
        "repo": "devenv-nixpkgs",
        "rev": "6004ea8c229fe9d41b21c6f4c76bf6c2e10771dd",
        "type": "github"
      },
      "original": {
        "owner": "cachix",
        "ref": "rolling",
        "repo": "devenv-nixpkgs",
        "type": "github"
      }
    },
    "nixpkgs_3": {
      "locked": {
        "lastModified": 1770380644,
        "narHash": "sha256-P7dWMHRUWG5m4G+06jDyThXO7kwSk46C1kgjEWcybkE=",
        "owner": "NixOS",
        "repo": "nixpkgs",
        "rev": "ae67888ff7ef9dff69b3cf0cc0fbfbcd3a722abe",
        "type": "github"
      },
      "original": {
        "owner": "NixOS",
        "ref": "nixpkgs-unstable",
        "repo": "nixpkgs",
        "type": "github"
      }
    },
    "root": {
      "inputs": {
        "brainhive": "brainhive",
        "devenv": "devenv",
        "nixpkgs": "nixpkgs_2",
        "nixpkgs-unstable": "nixpkgs-unstable",
        "rust-overlay": "rust-overlay_2",
        "steiger": "steiger_2"
      }
    },
    "rust-overlay": {
      "inputs": {
        "nixpkgs": [
          "brainhive",
          "steiger",
          "nixpkgs"
        ]
      },
      "locked": {
        "lastModified": 1766112155,
        "narHash": "sha256-N0KUOJSIBw2fFF2ACZhwYX2e0EGaHBVPlJh7bnxcGE4=",
        "owner": "oxalica",
        "repo": "rust-overlay",
        "rev": "2a6db3fc1c27ae77f9caa553d7609b223cb770b5",
        "type": "github"
      },
      "original": {
        "owner": "oxalica",
        "repo": "rust-overlay",
        "type": "github"
      }
    },
    "rust-overlay_2": {
      "inputs": {
        "nixpkgs": [
          "nixpkgs"
        ]
      },
      "locked": {
        "lastModified": 1784526465,
        "narHash": "sha256-L37teKC6oINWG4PGZLIqbphMWvSQ0PEz+aWxAk+rIDw=",
        "owner": "oxalica",
        "repo": "rust-overlay",
        "rev": "58c6334db52d51fc5dd8877c90b01f00cf8a696b",
        "type": "github"
      },
      "original": {
        "owner": "oxalica",
        "repo": "rust-overlay",
        "type": "github"
      }
    },
    "rust-overlay_3": {
      "inputs": {
        "nixpkgs": [
          "steiger",
          "nixpkgs"
        ]
      },
      "locked": {
        "lastModified": 1766112155,
        "narHash": "sha256-N0KUOJSIBw2fFF2ACZhwYX2e0EGaHBVPlJh7bnxcGE4=",
        "owner": "oxalica",
        "repo": "rust-overlay",
        "rev": "2a6db3fc1c27ae77f9caa553d7609b223cb770b5",
        "type": "github"
      },
      "original": {
        "owner": "oxalica",
        "repo": "rust-overlay",
        "type": "github"
      }
    },
    "steiger": {
      "inputs": {
        "crane": "crane",
        "nixpkgs": "nixpkgs",
        "nixpkgs-ocitools": "nixpkgs-ocitools",
        "rust-overlay": "rust-overlay"
      },
      "locked": {
        "lastModified": 1780559195,
        "narHash": "sha256-QxfeAiGDHJHSqWOdixEM5RycUF5Iy9aaP73kZUzJAyg=",
        "owner": "brainhivenl",
        "repo": "steiger",
        "rev": "e7300757532eca856ba212c899531955950a0fc2",
        "type": "github"
      },
      "original": {
        "owner": "brainhivenl",
        "repo": "steiger",
        "type": "github"
      }
    },
    "steiger_2": {
      "inputs": {
        "crane": "crane_2",
        "nixpkgs": "nixpkgs_3",
        "nixpkgs-ocitools": "nixpkgs-ocitools_2",
        "rust-overlay": "rust-overlay_3"
      },
      "locked": {
        "lastModified": 1780559195,
        "narHash": "sha256-QxfeAiGDHJHSqWOdixEM5RycUF5Iy9aaP73kZUzJAyg=",
        "owner": "brainhivenl",
        "repo": "steiger",
        "rev": "e7300757532eca856ba212c899531955950a0fc2",
        "type": "github"
      },
      "original": {
        "owner": "brainhivenl",
        "repo": "steiger",
        "type": "github"
      }
    },
    "systems": {
      "locked": {
        "lastModified": 1689347925,
        "narHash": "sha256-ozenz5bFe1UUqOn7f60HRmgc01BgTGIKZ4Xl+HbocGQ=",
        "owner": "nix-systems",
        "repo": "default-darwin",
        "rev": "2235d7e6cc29ae99878133c95e9fe5e157661ffb",
        "type": "github"
      },
      "original": {
        "owner": "nix-systems",
        "repo": "default-darwin",
        "type": "github"
      }
    }
  },
  "root": "root",
  "version": 7
}